
Microsoft Visual Studio Solution File, Format Version 12.00
# Visual Studio 15
VisualStudioVersion = 15.0.27130.2036
MinimumVisualStudioVersion = 10.0.40219.1
Project("{FAE04EC0-301F-11D3-BF4B-00C04F79EFBC}") = "App01_ConsultarCEP.Android", "App01_ConsultarCEP\App01_ConsultarCEP.Android\App01_ConsultarCEP.Android.csproj", "{95C4027B-408D-42D9-A17D-615F9082D12F}"
EndProject
Project("{FAE04EC0-301F-11D3-BF4B-00C04F79EFBC}") = "App01_ConsultarCEP.iOS", "App01_ConsultarCEP\App01_ConsultarCEP.iOS\App01_ConsultarCEP.iOS.csproj", "{26D549FA-7A68-476E-824F-8488BB6FEF83}"
EndProject
Project("{FAE04EC0-301F-11D3-BF4B-00C04F79EFBC}") = "App01_ConsultarCEP.UWP", "App01_ConsultarCEP\App01_ConsultarCEP.UWP\App01_ConsultarCEP.UWP.csproj", "{FA5C3D6C-9FE4-41BF-8671-7D908810B99E}"
EndProject
Project("{FAE04EC0-301F-11D3-BF4B-00C04F79EFBC}") = "App01_ConsultarCEP", "App01_ConsultarCEP\App01_ConsultarCEP\App01_ConsultarCEP.csproj", "{3D9A23F9-9DEA-44AF-AE8C-7FE8CA78C235}"
EndProject
Global
	GlobalSection(SolutionConfigurationPlatforms) = preSolution
		Ad-Hoc|Any CPU = Ad-Hoc|Any CPU
		Ad-Hoc|ARM = Ad-Hoc|ARM
		Ad-Hoc|iPhone = Ad-Hoc|iPhone
		Ad-Hoc|iPhoneSimulator = Ad-Hoc|iPhoneSimulator
		Ad-Hoc|x64 = Ad-Hoc|x64
		Ad-Hoc|x86 = Ad-Hoc|x86
		AppStore|Any CPU = AppStore|Any CPU
		AppStore|ARM = AppStore|ARM
		AppStore|iPhone = AppStore|iPhone
		AppStore|iPhoneSimulator = AppStore|iPhoneSimulator
		AppStore|x64 = AppStore|x64
		AppStore|x86 = AppStore|x86
		Debug|Any CPU = Debug|Any CPU
		Debug|ARM = Debug|ARM
		Debug|iPhone = Debug|iPhone
		Debug|iPhoneSimulator = Debug|iPhoneSimulator
		Debug|x64 = Debug|x64
		Debug|x86 = Debug|x86
		Release|Any CPU = Release|Any CPU
		Release|ARM = Release|ARM
		Release|iPhone = Release|iPhone
		Release|iPhoneSimulator = Release|iPhoneSimulator
		Release|x64 = Release|x64
		Release|x86 = Release|x86
	EndGlobalSection
	GlobalSection(ProjectConfigurationPlatforms) = postSolution
		{95C4027B-408D-42D9-A17D-615F9082D12F}.Ad-Hoc|Any CPU.ActiveCfg = Release|Any CPU
		{95C4027B-408D-42D9-A17D-615F9082D12F}.Ad-Hoc|Any CPU.Build.0 = Release|Any CPU
		{95C4027B-408D-42D9-A17D-615F9082D12F}.Ad-Hoc|Any CPU.Deploy.0 = Release|Any CPU
		{95C4027B-408D-42D9-A17D-615F9082D12F}.Ad-Hoc|ARM.ActiveCfg = Release|Any CPU
		{95C4027B-408D-42D9-A17D-615F9082D12F}.Ad-Hoc|ARM.Build.0 = Release|Any CPU
		{95C4027B-408D-42D9-A17D-615F9082D12F}.Ad-Hoc|ARM.Deploy.0 = Release|Any CPU
		{95C4027B-408D-42D9-A17D-615F9082D12F}.Ad-Hoc|iPhone.ActiveCfg = Release|Any CPU
		{95C4027B-408D-42D9-A17D-615F9082D12F}.Ad-Hoc|iPhone.Build.0 = Release|Any CPU
		{95C4027B-408D-42D9-A17D-615F9082D12F}.Ad-Hoc|iPhone.Deploy.0 = Release|Any CPU
		{95C4027B-408D-42D9-A17D-615F9082D12F}.Ad-Hoc|iPhoneSimulator.ActiveCfg = Release|Any CPU
		{95C4027B-408D-42D9-A17D-615F9082D12F}.Ad-Hoc|iPhoneSimulator.Build.0 = Release|Any CPU
		{95C4027B-408D-42D9-A17D-615F9082D12F}.Ad-Hoc|iPhoneSimulator.Deploy.0 = Release|Any CPU
		{95C4027B-408D-42D9-A17D-615F9082D12F}.Ad-Hoc|x64.ActiveCfg = Release|Any CPU
		{95C4027B-408D-42D9-A17D-615F9082D12F}.Ad-Hoc|x64.Build.0 = Release|Any CPU
		{95C4027B-408D-42D9-A17D-615F9082D12F}.Ad-Hoc|x64.Deploy.0 = Release|Any CPU
		{95C4027B-408D-42D9-A17D-615F9082D12F}.Ad-Hoc|x86.ActiveCfg = Release|Any CPU
		{95C4027B-408D-42D9-A17D-615F9082D12F}.Ad-Hoc|x86.Build.0 = Release|Any CPU
		{95C4027B-408D-42D9-A17D-615F9082D12F}.Ad-Hoc|x86.Deploy.0 = Release|Any CPU
		{95C4027B-408D-42D9-A17D-615F9082D12F}.AppStore|Any CPU.ActiveCfg = Release|Any CPU
		{95C4027B-408D-42D9-A17D-615F9082D12F}.AppStore|Any CPU.Build.0 = Release|Any CPU
		{95C4027B-408D-42D9-A17D-615F9082D12F}.AppStore|Any CPU.Deploy.0 = Release|Any CPU
		{95C4027B-408D-42D9-A17D-615F9082D12F}.AppStore|ARM.ActiveCfg = Release|Any CPU
		{95C4027B-408D-42D9-A17D-615F9082D12F}.AppStore|ARM.Build.0 = Release|Any CPU
		{95C4027B-408D-42D9-A17D-615F9082D12F}.AppStore|ARM.Deploy.0 = Release|Any CPU
		{95C4027B-408D-42D9-A17D-615F9082D12F}.AppStore|iPhone.ActiveCfg = Release|Any CPU
		{95C4027B-408D-42D9-A17D-615F9082D12F}.AppStore|iPhone.Build.0 = Release|Any CPU
		{95C4027B-408D-42D9-A17D-615F9082D12F}.AppStore|iPhone.Deploy.0 = Release|Any CPU
		{95C4027B-408D-42D9-A17D-615F9082D12F}.AppStore|iPhoneSimulator.ActiveCfg = Release|Any CPU
		{95C4027B-408D-42D9-A17D-615F9082D12F}.AppStore|iPhoneSimulator.Build.0 = Release|Any CPU
		{95C4027B-408D-42D9-A17D-615F9082D12F}.AppStore|iPhoneSimulator.Deploy.0 = Release|Any CPU
		{95C4027B-408D-42D9-A17D-615F9082D12F}.AppStore|x64.ActiveCfg = Release|Any CPU
		{95C4027B-408D-42D9-A17D-615F9082D12F}.AppStore|x64.Build.0 = Release|Any CPU
		{95C4027B-408D-42D9-A17D-615F9082D12F}.AppStore|x64.Deploy.0 = Release|Any CPU
		{95C4027B-408D-42D9-A17D-615F9082D12F}.AppStore|x86.ActiveCfg = Release|Any CPU
		{95C4027B-408D-42D9-A17D-615F9082D12F}.AppStore|x86.Build.0 = Release|Any CPU
		{95C4027B-408D-42D9-A17D-615F9082D12F}.AppStore|x86.Deploy.0 = Release|Any CPU
		{95C4027B-408D-42D9-A17D-615F9082D12F}.Debug|Any CPU.ActiveCfg = Debug|Any CPU
		{95C4027B-408D-42D9-A17D-615F9082D12F}.Debug|Any CPU.Build.0 = Debug|Any CPU
		{95C4027B-408D-42D9-A17D-615F9082D12F}.Debug|Any CPU.Deploy.0 = Debug|Any CPU
		{95C4027B-408D-42D9-A17D-615F9082D12F}.Debug|ARM.ActiveCfg = Debug|Any CPU
		{95C4027B-408D-42D9-A17D-615F9082D12F}.Debug|ARM.Build.0 = Debug|Any CPU
		{95C4027B-408D-42D9-A17D-615F9082D12F}.Debug|ARM.Deploy.0 = Debug|Any CPU
		{95C4027B-408D-42D9-A17D-615F9082D12F}.Debug|iPhone.ActiveCfg = Debug|Any CPU
		{95C4027B-408D-42D9-A17D-615F9082D12F}.Debug|iPhone.Build.0 = Debug|Any CPU
		{95C4027B-408D-42D9-A17D-615F9082D12F}.Debug|iPhone.Deploy.0 = Debug|Any CPU
		{95C4027B-408D-42D9-A17D-615F9082D12F}.Debug|iPhoneSimulator.ActiveCfg = Debug|Any CPU
		{95C4027B-408D-42D9-A17D-615F9082D12F}.Debug|iPhoneSimulator.Build.0 = Debug|Any CPU
		{95C4027B-408D-42D9-A17D-615F9082D12F}.Debug|iPhoneSimulator.Deploy.0 = Debug|Any CPU
		{95C4027B-408D-42D9-A17D-615F9082D12F}.Debug|x64.ActiveCfg = Debug|Any CPU
		{95C4027B-408D-42D9-A17D-615F9082D12F}.Debug|x64.Build.0 = Debug|Any CPU
		{95C4027B-408D-42D9-A17D-615F9082D12F}.Debug|x64.Deploy.0 = Debug|Any CPU
		{95C4027B-408D-42D9-A17D-615F9082D12F}.Debug|x86.ActiveCfg = Debug|Any CPU
		{95C4027B-408D-42D9-A17D-615F9082D12F}.Debug|x86.Build.0 = Debug|Any CPU
		{95C4027B-408D-42D9-A17D-615F9082D12F}.Debug|x86.Deploy.0 = Debug|Any CPU
		{95C4027B-408D-42D9-A17D-615F9082D12F}.Release|Any CPU.ActiveCfg = Release|Any CPU
		{95C4027B-408D-42D9-A17D-615F9082D12F}.Release|Any CPU.Build.0 = Release|Any CPU
		{95C4027B-408D-42D9-A17D-615F9082D12F}.Release|Any CPU.Deploy.0 = Release|Any CPU
		{95C4027B-408D-42D9-A17D-615F9082D12F}.Release|ARM.ActiveCfg = Release|Any CPU
		{95C4027B-408D-42D9-A17D-615F9082D12F}.Release|ARM.Build.0 = Release|Any CPU
		{95C4027B-408D-42D9-A17D-615F9082D12F}.Release|ARM.Deploy.0 = Release|Any CPU
		{95C4027B-408D-42D9-A17D-615F9082D12F}.Release|iPhone.ActiveCfg = Release|Any CPU
		{95C4027B-408D-42D9-A17D-615F9082D12F}.Release|iPhone.Build.0 = Release|Any CPU
		{95C4027B-408D-42D9-A17D-615F9082D12F}.Release|iPhone.Deploy.0 = Release|Any CPU
		{95C4027B-408D-42D9-A17D-615F9082D12F}.Release|iPhoneSimulator.ActiveCfg = Release|Any CPU
		{95C4027B-408D-42D9-A17D-615F9082D12F}.Release|iPhoneSimulator.Build.0 = Release|Any CPU
		{95C4027B-408D-42D9-A17D-615F9082D12F}.Release|iPhoneSimulator.Deploy.0 = Release|Any CPU
		{95C4027B-408D-42D9-A17D-615F9082D12F}.Release|x64.ActiveCfg = Release|Any CPU
		{95C4027B-408D-42D9-A17D-615F9082D12F}.Release|x64.Build.0 = Release|Any CPU
		{95C4027B-408D-42D9-A17D-615F9082D12F}.Release|x64.Deploy.0 = Release|Any CPU
		{95C4027B-408D-42D9-A17D-615F9082D12F}.Release|x86.ActiveCfg = Release|Any CPU
		{95C4027B-408D-42D9-A17D-615F9082D12F}.Release|x86.Build.0 = Release|Any CPU
		{95C4027B-408D-42D9-A17D-615F9082D12F}.Release|x86.Deploy.0 = Release|Any CPU
		{26D549FA-7A68-476E-824F-8488BB6FEF83}.Ad-Hoc|Any CPU.ActiveCfg = Ad-Hoc|iPhone
		{26D549FA-7A68-476E-824F-8488BB6FEF83}.Ad-Hoc|ARM.ActiveCfg = Ad-Hoc|iPhone
		{26D549FA-7A68-476E-824F-8488BB6FEF83}.Ad-Hoc|iPhone.ActiveCfg = Ad-Hoc|iPhone
		{26D549FA-7A68-476E-824F-8488BB6FEF83}.Ad-Hoc|iPhone.Build.0 = Ad-Hoc|iPhone
		{26D549FA-7A68-476E-824F-8488BB6FEF83}.Ad-Hoc|iPhoneSimulator.ActiveCfg = Ad-Hoc|iPhoneSimulator
		{26D549FA-7A68-476E-824F-8488BB6FEF83}.Ad-Hoc|iPhoneSimulator.Build.0 = Ad-Hoc|iPhoneSimulator
		{26D549FA-7A68-476E-824F-8488BB6FEF83}.Ad-Hoc|x64.ActiveCfg = Ad-Hoc|iPhone
		{26D549FA-7A68-476E-824F-8488BB6FEF83}.Ad-Hoc|x86.ActiveCfg = Ad-Hoc|iPhone
		{26D549FA-7A68-476E-824F-8488BB6FEF83}.AppStore|Any CPU.ActiveCfg = AppStore|iPhone
		{26D549FA-7A68-476E-824F-8488BB6FEF83}.AppStore|ARM.ActiveCfg = AppStore|iPhone
		{26D549FA-7A68-476E-824F-8488BB6FEF83}.AppStore|iPhone.ActiveCfg = AppStore|iPhone
		{26D549FA-7A68-476E-824F-8488BB6FEF83}.AppStore|iPhone.Build.0 = AppStore|iPhone
		{26D549FA-7A68-476E-824F-8488BB6FEF83}.AppStore|iPhoneSimulator.ActiveCfg = AppStore|iPhoneSimulator
		{26D549FA-7A68-476E-824F-8488BB6FEF83}.AppStore|iPhoneSimulator.Build.0 = AppStore|iPhoneSimulator
		{26D549FA-7A68-476E-824F-8488BB6FEF83}.AppStore|x64.ActiveCfg = AppStore|iPhone
		{26D549FA-7A68-476E-824F-8488BB6FEF83}.AppStore|x86.ActiveCfg = AppStore|iPhone
		{26D549FA-7A68-476E-824F-8488BB6FEF83}.Debug|Any CPU.ActiveCfg = Debug|iPhone
		{26D549FA-7A68-476E-824F-8488BB6FEF83}.Debug|ARM.ActiveCfg = Debug|iPhone
		{26D549FA-7A68-476E-824F-8488BB6FEF83}.Debug|iPhone.ActiveCfg = Debug|iPhone
		{26D549FA-7A68-476E-824F-8488BB6FEF83}.Debug|iPhone.Build.0 = Debug|iPhone
		{26D549FA-7A68-476E-824F-8488BB6FEF83}.Debug|iPhoneSimulator.ActiveCfg = Debug|iPhoneSimulator
		{26D549FA-7A68-476E-824F-8488BB6FEF83}.Debug|iPhoneSimulator.Build.0 = Debug|iPhoneSimulator
		{26D549FA-7A68-476E-824F-8488BB6FEF83}.Debug|x64.ActiveCfg = Debug|iPhone
		{26D549FA-7A68-476E-824F-8488BB6FEF83}.Debug|x86.ActiveCfg = Debug|iPhone
		{26D549FA-7A68-476E-824F-8488BB6FEF83}.Release|Any CPU.ActiveCfg = Release|iPhone
		{26D549FA-7A68-476E-824F-8488BB6FEF83}.Release|ARM.ActiveCfg = Release|iPhone
		{26D549FA-7A68-476E-824F-8488BB6FEF83}.Release|iPhone.ActiveCfg = Release|iPhone
		{26D549FA-7A68-476E-824F-8488BB6FEF83}.Release|iPhone.Build.0 = Release|iPhone
		{26D549FA-7A68-476E-824F-8488BB6FEF83}.Release|iPhoneSimulator.ActiveCfg = Release|iPhoneSimulator
		{26D549FA-7A68-476E-824F-8488BB6FEF83}.Release|iPhoneSimulator.Build.0 = Release|iPhoneSimulator
		{26D549FA-7A68-476E-824F-8488BB6FEF83}.Release|x64.ActiveCfg = Release|iPhone
		{26D549FA-7A68-476E-824F-8488BB6FEF83}.Release|x86.ActiveCfg = Release|iPhone
		{FA5C3D6C-9FE4-41BF-8671-7D908810B99E}.Ad-Hoc|Any CPU.ActiveCfg = Release|x86
		{FA5C3D6C-9FE4-41BF-8671-7D908810B99E}.Ad-Hoc|Any CPU.Build.0 = Release|x86
		{FA5C3D6C-9FE4-41BF-8671-7D908810B99E}.Ad-Hoc|Any CPU.Deploy.0 = Release|x86
		{FA5C3D6C-9FE4-41BF-8671-7D908810B99E}.Ad-Hoc|ARM.ActiveCfg = Release|ARM
		{FA5C3D6C-9FE4-41BF-8671-7D908810B99E}.Ad-Hoc|ARM.Build.0 = Release|ARM
		{FA5C3D6C-9FE4-41BF-8671-7D908810B99E}.Ad-Hoc|ARM.Deploy.0 = Release|ARM
		{FA5C3D6C-9FE4-41BF-8671-7D908810B99E}.Ad-Hoc|iPhone.ActiveCfg = Release|x86
		{FA5C3D6C-9FE4-41BF-8671-7D908810B99E}.Ad-Hoc|iPhone.Build.0 = Release|x86
		{FA5C3D6C-9FE4-41BF-8671-7D908810B99E}.Ad-Hoc|iPhone.Deploy.0 = Release|x86
		{FA5C3D6C-9FE4-41BF-8671-7D908810B99E}.Ad-Hoc|iPhoneSimulator.ActiveCfg = Release|x86
		{FA5C3D6C-9FE4-41BF-8671-7D908810B99E}.Ad-Hoc|iPhoneSimulator.Build.0 = Release|x86
		{FA5C3D6C-9FE4-41BF-8671-7D908810B99E}.Ad-Hoc|iPhoneSimulator.Deploy.0 = Release|x86
		{FA5C3D6C-9FE4-41BF-8671-7D908810B99E}.Ad-Hoc|x64.ActiveCfg = Release|x64
		{FA5C3D6C-9FE4-41BF-8671-7D908810B99E}.Ad-Hoc|x64.Build.0 = Release|x64
		{FA5C3D6C-9FE4-41BF-8671-7D908810B99E}.Ad-Hoc|x64.Deploy.0 = Release|x64
		{FA5C3D6C-9FE4-41BF-8671-7D908810B99E}.Ad-Hoc|x86.ActiveCfg = Release|x86
		{FA5C3D6C-9FE4-41BF-8671-7D908810B99E}.Ad-Hoc|x86.Build.0 = Release|x86
		{FA5C3D6C-9FE4-41BF-8671-7D908810B99E}.Ad-Hoc|x86.Deploy.0 = Release|x86
		{FA5C3D6C-9FE4-41BF-8671-7D908810B99E}.AppStore|Any CPU.ActiveCfg = Release|x86
		{FA5C3D6C-9FE4-41BF-8671-7D908810B99E}.AppStore|Any CPU.Build.0 = Release|x86
		{FA5C3D6C-9FE4-41BF-8671-7D908810B99E}.AppStore|Any CPU.Deploy.0 = Release|x86
		{FA5C3D6C-9FE4-41BF-8671-7D908810B99E}.AppStore|ARM.ActiveCfg = Release|ARM
		{FA5C3D6C-9FE4-41BF-8671-7D908810B99E}.AppStore|ARM.Build.0 = Release|ARM
		{FA5C3D6C-9FE4-41BF-8671-7D908810B99E}.AppStore|ARM.Deploy.0 = Release|ARM
		{FA5C3D6C-9FE4-41BF-8671-7D908810B99E}.AppStore|iPhone.ActiveCfg = Release|x86
		{FA5C3D6C-9FE4-41BF-8671-7D908810B99E}.AppStore|iPhone.Build.0 = Release|x86
		{FA5C3D6C-9FE4-41BF-8671-7D908810B99E}.AppStore|iPhone.Deploy.0 = Release|x86
		{FA5C3D6C-9FE4-41BF-8671-7D908810B99E}.AppStore|iPhoneSimulator.ActiveCfg = Release|x86
		{FA5C3D6C-9FE4-41BF-8671-7D908810B99E}.AppStore|iPhoneSimulator.Build.0 = Release|x86
		{FA5C3D6C-9FE4-41BF-8671-7D908810B99E}.AppStore|iPhoneSimulator.Deploy.0 = Release|x86
		{FA5C3D6C-9FE4-41BF-8671-7D908810B99E}.AppStore|x64.ActiveCfg = Release|x64
		{FA5C3D6C-9FE4-41BF-8671-7D908810B99E}.AppStore|x64.Build.0 = Release|x64
		{FA5C3D6C-9FE4-41BF-8671-7D908810B99E}.AppStore|x64.Deploy.0 = Release|x64
		{FA5C3D6C-9FE4-41BF-8671-7D908810B99E}.AppStore|x86.ActiveCfg = Release|x86
		{FA5C3D6C-9FE4-41BF-8671-7D908810B99E}.AppStore|x86.Build.0 = Release|x86
		{FA5C3D6C-9FE4-41BF-8671-7D908810B99E}.AppStore|x86.Deploy.0 = Release|x86
		{FA5C3D6C-9FE4-41BF-8671-7D908810B99E}.Debug|Any CPU.ActiveCfg = Debug|x86
		{FA5C3D6C-9FE4-41BF-8671-7D908810B99E}.Debug|ARM.ActiveCfg = Debug|ARM
		{FA5C3D6C-9FE4-41BF-8671-7D908810B99E}.Debug|ARM.Build.0 = Debug|ARM
		{FA5C3D6C-9FE4-41BF-8671-7D908810B99E}.Debug|ARM.Deploy.0 = Debug|ARM
		{FA5C3D6C-9FE4-41BF-8671-7D908810B99E}.Debug|iPhone.ActiveCfg = Debug|x86
		{FA5C3D6C-9FE4-41BF-8671-7D908810B99E}.Debug|iPhoneSimulator.ActiveCfg = Debug|x86
		{FA5C3D6C-9FE4-41BF-8671-7D908810B99E}.Debug|x64.ActiveCfg = Debug|x64
		{FA5C3D6C-9FE4-41BF-8671-7D908810B99E}.Debug|x64.Build.0 = Debug|x64
		{FA5C3D6C-9FE4-41BF-8671-7D908810B99E}.Debug|x64.Deploy.0 = Debug|x64
		{FA5C3D6C-9FE4-41BF-8671-7D908810B99E}.Debug|x86.ActiveCfg = Debug|x86
		{FA5C3D6C-9FE4-41BF-8671-7D908810B99E}.Debug|x86.Build.0 = Debug|x86
		{FA5C3D6C-9FE4-41BF-8671-7D908810B99E}.Debug|x86.Deploy.0 = Debug|x86
		{FA5C3D6C-9FE4-41BF-8671-7D908810B99E}.Release|Any CPU.ActiveCfg = Release|x86
		{FA5C3D6C-9FE4-41BF-8671-7D908810B99E}.Release|ARM.ActiveCfg = Release|ARM
		{FA5C3D6C-9FE4-41BF-8671-7D908810B99E}.Release|ARM.Build.0 = Release|ARM
		{FA5C3D6C-9FE4-41BF-8671-7D908810B99E}.Release|ARM.Deploy.0 = Release|ARM
		{FA5C3D6C-9FE4-41BF-8671-7D908810B99E}.Release|iPhone.ActiveCfg = Release|x86
		{FA5C3D6C-9FE4-41BF-8671-7D908810B99E}.Release|iPhoneSimulator.ActiveCfg = Release|x86
		{FA5C3D6C-9FE4-41BF-8671-7D908810B99E}.Release|x64.ActiveCfg = Release|x64
		{FA5C3D6C-9FE4-41BF-8671-7D908810B99E}.Release|x64.Build.0 = Release|x64
		{FA5C3D6C-9FE4-41BF-8671-7D908810B99E}.Release|x64.Deploy.0 = Release|x64
		{FA5C3D6C-9FE4-41BF-8671-7D908810B99E}.Release|x86.ActiveCfg = Release|x86
		{FA5C3D6C-9FE4-41BF-8671-7D908810B99E}.Release|x86.Build.0 = Release|x86
		{FA5C3D6C-9FE4-41BF-8671-7D908810B99E}.Release|x86.Deploy.0 = Release|x86
		{3D9A23F9-9DEA-44AF-AE8C-7FE8CA78C235}.Ad-Hoc|Any CPU.ActiveCfg = Debug|Any CPU
		{3D9A23F9-9DEA-44AF-AE8C-7FE8CA78C235}.Ad-Hoc|Any CPU.Build.0 = Debug|Any CPU
		{3D9A23F9-9DEA-44AF-AE8C-7FE8CA78C235}.Ad-Hoc|ARM.ActiveCfg = Debug|Any CPU
		{3D9A23F9-9DEA-44AF-AE8C-7FE8CA78C235}.Ad-Hoc|ARM.Build.0 = Debug|Any CPU
		{3D9A23F9-9DEA-44AF-AE8C-7FE8CA78C235}.Ad-Hoc|iPhone.ActiveCfg = Debug|Any CPU
		{3D9A23F9-9DEA-44AF-AE8C-7FE8CA78C235}.Ad-Hoc|iPhone.Build.0 = Debug|Any CPU
		{3D9A23F9-9DEA-44AF-AE8C-7FE8CA78C235}.Ad-Hoc|iPhoneSimulator.ActiveCfg = Debug|Any CPU
		{3D9A23F9-9DEA-44AF-AE8C-7FE8CA78C235}.Ad-Hoc|iPhoneSimulator.Build.0 = Debug|Any CPU
		{3D9A23F9-9DEA-44AF-AE8C-7FE8CA78C235}.Ad-Hoc|x64.ActiveCfg = Debug|Any CPU
		{3D9A23F9-9DEA-44AF-AE8C-7FE8CA78C235}.Ad-Hoc|x64.Build.0 = Debug|Any CPU
		{3D9A23F9-9DEA-44AF-AE8C-7FE8CA78C235}.Ad-Hoc|x86.ActiveCfg = Debug|Any CPU
		{3D9A23F9-9DEA-44AF-AE8C-7FE8CA78C235}.Ad-Hoc|x86.Build.0 = Debug|Any CPU
		{3D9A23F9-9DEA-44AF-AE8C-7FE8CA78C235}.AppStore|Any CPU.ActiveCfg = Debug|Any CPU
		{3D9A23F9-9DEA-44AF-AE8C-7FE8CA78C235}.AppStore|Any CPU.Build.0 = Debug|Any CPU
		{3D9A23F9-9DEA-44AF-AE8C-7FE8CA78C235}.AppStore|ARM.ActiveCfg = Debug|Any CPU
		{3D9A23F9-9DEA-44AF-AE8C-7FE8CA78C235}.AppStore|ARM.Build.0 = Debug|Any CPU
		{3D9A23F9-9DEA-44AF-AE8C-7FE8CA78C235}.AppStore|iPhone.ActiveCfg = Debug|Any CPU
		{3D9A23F9-9DEA-44AF-AE8C-7FE8CA78C235}.AppStore|iPhone.Build.0 = Debug|Any CPU
		{3D9A23F9-9DEA-44AF-AE8C-7FE8CA78C235}.AppStore|iPhoneSimulator.ActiveCfg = Debug|Any CPU
		{3D9A23F9-9DEA-44AF-AE8C-7FE8CA78C235}.AppStore|iPhoneSimulator.Build.0 = Debug|Any CPU
		{3D9A23F9-9DEA-44AF-AE8C-7FE8CA78C235}.AppStore|x64.ActiveCfg = Debug|Any CPU
		{3D9A23F9-9DEA-44AF-AE8C-7FE8CA78C235}.AppStore|x64.Build.0 = Debug|Any CPU
		{3D9A23F9-9DEA-44AF-AE8C-7FE8CA78C235}.AppStore|x86.ActiveCfg = Debug|Any CPU
		{3D9A23F9-9DEA-44AF-AE8C-7FE8CA78C235}.AppStore|x86.Build.0 = Debug|Any CPU
		{3D9A23F9-9DEA-44AF-AE8C-7FE8CA78C235}.Debug|Any CPU.ActiveCfg = Debug|Any CPU
		{3D9A23F9-9DEA-44AF-AE8C-7FE8CA78C235}.Debug|Any CPU.Build.0 = Debug|Any CPU
		{3D9A23F9-9DEA-44AF-AE8C-7FE8CA78C235}.Debug|ARM.ActiveCfg = Debug|Any CPU
		{3D9A23F9-9DEA-44AF-AE8C-7FE8CA78C235}.Debug|ARM.Build.0 = Debug|Any CPU
		{3D9A23F9-9DEA-44AF-AE8C-7FE8CA78C235}.Debug|iPhone.ActiveCfg = Debug|Any CPU
		{3D9A23F9-9DEA-44AF-AE8C-7FE8CA78C235}.Debug|iPhone.Build.0 = Debug|Any CPU
		{3D9A23F9-9DEA-44AF-AE8C-7FE8CA78C235}.Debug|iPhoneSimulator.ActiveCfg = Debug|Any CPU
		{3D9A23F9-9DEA-44AF-AE8C-7FE8CA78C235}.Debug|iPhoneSimulator.Build.0 = Debug|Any CPU
		{3D9A23F9-9DEA-44AF-AE8C-7FE8CA78C235}.Debug|x64.ActiveCfg = Debug|Any CPU
		{3D9A23F9-9DEA-44AF-AE8C-7FE8CA78C235}.Debug|x64.Build.0 = Debug|Any CPU
		{3D9A23F9-9DEA-44AF-AE8C-7FE8CA78C235}.Debug|x86.ActiveCfg = Debug|Any CPU
		{3D9A23F9-9DEA-44AF-AE8C-7FE8CA78C235}.Debug|x86.Build.0 = Debug|Any CPU
		{3D9A23F9-9DEA-44AF-AE8C-7FE8CA78C235}.Release|Any CPU.ActiveCfg = Release|Any CPU
		{3D9A23F9-9DEA-44AF-AE8C-7FE8CA78C235}.Release|Any CPU.Build.0 = Release|Any CPU
		{3D9A23F9-9DEA-44AF-AE8C-7FE8CA78C235}.Release|ARM.ActiveCfg = Release|Any CPU
		{3D9A23F9-9DEA-44AF-AE8C-7FE8CA78C235}.Release|ARM.Build.0 = Release|Any CPU
		{3D9A23F9-9DEA-44AF-AE8C-7FE8CA78C235}.Release|iPhone.ActiveCfg = Release|Any CPU
		{3D9A23F9-9DEA-44AF-AE8C-7FE8CA78C235}.Release|iPhone.Build.0 = Release|Any CPU
		{3D9A23F9-9DEA-44AF-AE8C-7FE8CA78C235}.Release|iPhoneSimulator.ActiveCfg = Release|Any CPU
		{3D9A23F9-9DEA-44AF-AE8C-7FE8CA78C235}.Release|iPhoneSimulator.Build.0 = Release|Any CPU
		{3D9A23F9-9DEA-44AF-AE8C-7FE8CA78C235}.Release|x64.ActiveCfg = Release|Any CPU
		{3D9A23F9-9DEA-44AF-AE8C-7FE8CA78C235}.Release|x64.Build.0 = Release|Any CPU
		{3D9A23F9-9DEA-44AF-AE8C-7FE8CA78C235}.Release|x86.ActiveCfg = Release|Any CPU
		{3D9A23F9-9DEA-44AF-AE8C-7FE8CA78C235}.Release|x86.Build.0 = Release|Any CPU
	EndGlobalSection
	GlobalSection(SolutionProperties) = preSolution
		HideSolutionNode = FALSE
	EndGlobalSection
	GlobalSection(ExtensibilityGlobals) = postSolution
		SolutionGuid = {3FBF1864-7449-480E-8DFF-64F911797712}
	EndGlobalSection
EndGlobal
